
Microsoft Visual Studio Solution File, Format Version 12.00
# Visual Studio 14
VisualStudioVersion = 14.0.25420.1
MinimumVisualStudioVersion = 10.0.40219.1
Project("{FAE04EC0-301F-11D3-BF4B-00C04F79EFBC}") = "BT2_Client", "BT2_Client\BT2_Client.csproj", "{1DAC1BC6-EFB4-420C-99EC-00425CC193F2}"
EndProject
Project("{FAE04EC0-301F-11D3-BF4B-00C04F79EFBC}") = "BT2_Server", "BT2_Server\BT2_Server.csproj", "{EC62F370-86C3-421F-84B4-101DE950C9EE}"
EndProject
Global
	GlobalSection(SolutionConfigurationPlatforms) = preSolution
		Debug|Any CPU = Debug|Any CPU
		Release|Any CPU = Release|Any CPU
	EndGlobalSection
	GlobalSection(ProjectConfigurationPlatforms) = postSolution
		{1DAC1BC6-EFB4-420C-99EC-00425CC193F2}.Debug|Any CPU.ActiveCfg = Debug|Any CPU
		{1DAC1BC6-EFB4-420C-99EC-00425CC193F2}.Debug|Any CPU.Build.0 = Debug|Any CPU
		{1DAC1BC6-EFB4-420C-99EC-00425CC193F2}.Release|Any CPU.ActiveCfg = Release|Any CPU
		{1DAC1BC6-EFB4-420C-99EC-00425CC193F2}.Release|Any CPU.Build.0 = Release|Any CPU
		{EC62F370-86C3-421F-84B4-101DE950C9EE}.Debug|Any CPU.ActiveCfg = Debug|Any CPU
		{EC62F370-86C3-421F-84B4-101DE950C9EE}.Debug|Any CPU.Build.0 = Debug|Any CPU
		{EC62F370-86C3-421F-84B4-101DE950C9EE}.Release|Any CPU.ActiveCfg = Release|Any CPU
		{EC62F370-86C3-421F-84B4-101DE950C9EE}.Release|Any CPU.Build.0 = Release|Any CPU
	EndGlobalSection
	GlobalSection(SolutionProperties) = preSolution
		HideSolutionNode = FALSE
	EndGlobalSection
EndGlobal
